
Microsoft Visual Studio Solution File, Format Version 12.00
# Visual Studio Version 16
VisualStudioVersion = 16.0.32228.343
MinimumVisualStudioVersion = 10.0.40219.1
Project("{FAE04EC0-301F-11D3-BF4B-00C04F79EFBC}") = "KillUtilite", "ConsoleApp2\KillUtilite.csproj", "{DA00376C-4791-4EFA-82D9-8F1C6AE8D568}"
EndProject
Global
	GlobalSection(SolutionConfigurationPlatforms) = preSolution
		Debug|Any CPU = Debug|Any CPU
		Release|Any CPU = Release|Any CPU
	EndGlobalSection
	GlobalSection(ProjectConfigurationPlatforms) = postSolution
		{DA00376C-4791-4EFA-82D9-8F1C6AE8D568}.Debug|Any CPU.ActiveCfg = Debug|Any CPU
		{DA00376C-4791-4EFA-82D9-8F1C6AE8D568}.Debug|Any CPU.Build.0 = Debug|Any CPU
		{DA00376C-4791-4EFA-82D9-8F1C6AE8D568}.Release|Any CPU.ActiveCfg = Release|Any CPU
		{DA00376C-4791-4EFA-82D9-8F1C6AE8D568}.Release|Any CPU.Build.0 = Release|Any CPU
	EndGlobalSection
	GlobalSection(SolutionProperties) = preSolution
		HideSolutionNode = FALSE
	EndGlobalSection
	GlobalSection(ExtensibilityGlobals) = postSolution
		SolutionGuid = {2D1EE3D1-10AC-4B95-A42E-4CDE5AC5B7B8}
	EndGlobalSection
EndGlobal
